
Microsoft Visual Studio Solution File, Format Version 12.00
# Visual Studio Version 17
VisualStudioVersion = 17.9.34723.18
MinimumVisualStudioVersion = 10.0.40219.1
Project("{9A19103F-16F7-4668-BE54-9A1E7A4F7556}") = "GrpcDemo.Server", "GrpcDemo.Server\GrpcDemo.Server.csproj", "{63FEBBCF-EF0F-4E63-9BCD-CB527B7F4CAA}"
EndProject
Project("{9A19103F-16F7-4668-BE54-9A1E7A4F7556}") = "GrpcDemo.ClientDevice", "GrpcDemo.ClientDevice\GrpcDemo.ClientDevice.csproj", "{6FD6EBE5-163C-4242-A074-BB39EEC50E93}"
EndProject
Global
	GlobalSection(SolutionConfigurationPlatforms) = preSolution
		Debug|Any CPU = Debug|Any CPU
		Release|Any CPU = Release|Any CPU
	EndGlobalSection
	GlobalSection(ProjectConfigurationPlatforms) = postSolution
		{63FEBBCF-EF0F-4E63-9BCD-CB527B7F4CAA}.Debug|Any CPU.ActiveCfg = Debug|Any CPU
		{63FEBBCF-EF0F-4E63-9BCD-CB527B7F4CAA}.Debug|Any CPU.Build.0 = Debug|Any CPU
		{63FEBBCF-EF0F-4E63-9BCD-CB527B7F4CAA}.Release|Any CPU.ActiveCfg = Release|Any CPU
		{63FEBBCF-EF0F-4E63-9BCD-CB527B7F4CAA}.Release|Any CPU.Build.0 = Release|Any CPU
		{6FD6EBE5-163C-4242-A074-BB39EEC50E93}.Debug|Any CPU.ActiveCfg = Debug|Any CPU
		{6FD6EBE5-163C-4242-A074-BB39EEC50E93}.Debug|Any CPU.Build.0 = Debug|Any CPU
		{6FD6EBE5-163C-4242-A074-BB39EEC50E93}.Release|Any CPU.ActiveCfg = Release|Any CPU
		{6FD6EBE5-163C-4242-A074-BB39EEC50E93}.Release|Any CPU.Build.0 = Release|Any CPU
	EndGlobalSection
	GlobalSection(SolutionProperties) = preSolution
		HideSolutionNode = FALSE
	EndGlobalSection
	GlobalSection(ExtensibilityGlobals) = postSolution
		SolutionGuid = {D5575A5C-BA6A-4EF2-B867-97ABBE3BCE64}
	EndGlobalSection
EndGlobal
